// !$*UTF8*$!
{
	archiveVersion = 1;
	classes = {
	};
	objectVersion = 56;
	objects = {

/* Begin PBXBuildFile section */
		B13CCEB52B14ECF60031E97A /* Week2_SayhongApp.swift in Sources */ = {isa = PBXBuildFile; fileRef = B13CCEB42B14ECF60031E97A /* Week2_SayhongApp.swift */; };
		B13CCEB72B14ECF60031E97A /* HomeView.swift in Sources */ = {isa = PBXBuildFile; fileRef = B13CCEB62B14ECF60031E97A /* HomeView.swift */; };
		B13CCEB92B14ECF70031E97A /* Assets.xcassets in Resources */ = {isa = PBXBuildFile; fileRef = B13CCEB82B14ECF70031E97A /* Assets.xcassets */; };
		B13CCEBC2B14ECF70031E97A /* Preview Assets.xcassets in Resources */ = {isa = PBXBuildFile; fileRef = B13CCEBB2B14ECF70031E97A /* Preview Assets.xcassets */; };
		B13CCEC82B14EDDA0031E97A /* ModelDetailView.swift in Sources */ = {isa = PBXBuildFile; fileRef = B13CCEC72B14EDDA0031E97A /* ModelDetailView.swift */; };
		B13CCECA2B14EDF10031E97A /* MovieCellStruct.swift in Sources */ = {isa = PBXBuildFile; fileRef = B13CCEC92B14EDF10031E97A /* MovieCellStruct.swift */; };
		B13CCECC2B14EE170031E97A /* loadJson.swift in Sources */ = {isa = PBXBuildFile; fileRef = B13CCECB2B14EE170031E97A /* loadJson.swift */; };
		B13CCECE2B14EE3A0031E97A /* movieInfo.json in Resources */ = {isa = PBXBuildFile; fileRef = B13CCECD2B14EE3A0031E97A /* movieInfo.json */; };
		B13CCED02B14EEB60031E97A /* MovieListCellView.swift in Sources */ = {isa = PBXBuildFile; fileRef = B13CCECF2B14EEB60031E97A /* MovieListCellView.swift */; };
		B13CCED22B14EEE30031E97A /* MoviePosterView.swift in Sources */ = {isa = PBXBuildFile; fileRef = B13CCED12B14EEE30031E97A /* MoviePosterView.swift */; };
		B13CCED42B14EEEF0031E97A /* MovieTitleDateView.swift in Sources */ = {isa = PBXBuildFile; fileRef = B13CCED32B14EEEF0031E97A /* MovieTitleDateView.swift */; };
		B13CCED62B14EEFC0031E97A /* MovieReadMoreContentViews.swift in Sources */ = {isa = PBXBuildFile; fileRef = B13CCED52B14EEFC0031E97A /* MovieReadMoreContentViews.swift */; };
		B13CCED82B14EF0A0031E97A /* TrailerView.swift in Sources */ = {isa = PBXBuildFile; fileRef = B13CCED72B14EF0A0031E97A /* TrailerView.swift */; };
		B13CCEDA2B14EF190031E97A /* MenuIcon.swift in Sources */ = {isa = PBXBuildFile; fileRef = B13CCED92B14EF190031E97A /* MenuIcon.swift */; };
		B13CCEDC2B14EF260031E97A /* SerachIcon.swift in Sources */ = {isa = PBXBuildFile; fileRef = B13CCEDB2B14EF260031E97A /* SerachIcon.swift */; };
		B13CCEDE2B14EF370031E97A /* FontStyle.swift in Sources */ = {isa = PBXBuildFile; fileRef = B13CCEDD2B14EF370031E97A /* FontStyle.swift */; };
		B13CCEE02B14EF430031E97A /* titleFont.swift in Sources */ = {isa = PBXBuildFile; fileRef = B13CCEDF2B14EF430031E97A /* titleFont.swift */; };
		B13CCEE22B14EF510031E97A /* movieTitleFont.swift in Sources */ = {isa = PBXBuildFile; fileRef = B13CCEE12B14EF510031E97A /* movieTitleFont.swift */; };
		B13CCEE42B14EF630031E97A /* dateFont.swift in Sources */ = {isa = PBXBuildFile; fileRef = B13CCEE32B14EF630031E97A /* dateFont.swift */; };
/* End PBXBuildFile section */

/* Begin PBXFileReference section */
		B13CCEB12B14ECF60031E97A /* Week2_Sayhong.app */ = {isa = PBXFileReference; explicitFileType = wrapper.application; includeInIndex = 0; path = Week2_Sayhong.app; sourceTree = BUILT_PRODUCTS_DIR; };
		B13CCEB42B14ECF60031E97A /* Week2_SayhongApp.swift */ = {isa = PBXFileReference; lastKnownFileType = sourcecode.swift; path = Week2_SayhongApp.swift; sourceTree = "<group>"; };
		B13CCEB62B14ECF60031E97A /* HomeView.swift */ = {isa = PBXFileReference; lastKnownFileType = sourcecode.swift; path = HomeView.swift; sourceTree = "<group>"; };
		B13CCEB82B14ECF70031E97A /* Assets.xcassets */ = {isa = PBXFileReference; lastKnownFileType = folder.assetcatalog; path = Assets.xcassets; sourceTree = "<group>"; };
		B13CCEBB2B14ECF70031E97A /* Preview Assets.xcassets */ = {isa = PBXFileReference; lastKnownFileType = folder.assetcatalog; path = "Preview Assets.xcassets"; sourceTree = "<group>"; };
		B13CCEC72B14EDDA0031E97A /* ModelDetailView.swift */ = {isa = PBXFileReference; lastKnownFileType = sourcecode.swift; path = ModelDetailView.swift; sourceTree = "<group>"; };
		B13CCEC92B14EDF10031E97A /* MovieCellStruct.swift */ = {isa = PBXFileReference; lastKnownFileType = sourcecode.swift; path = MovieCellStruct.swift; sourceTree = "<group>"; };
		B13CCECB2B14EE170031E97A /* loadJson.swift */ = {isa = PBXFileReference; lastKnownFileType = sourcecode.swift; path = loadJson.swift; sourceTree = "<group>"; };
		B13CCECD2B14EE3A0031E97A /* movieInfo.json */ = {isa = PBXFileReference; explicitFileType = text.json; path = movieInfo.json; sourceTree = "<group>"; };
		B13CCECF2B14EEB60031E97A /* MovieListCellView.swift */ = {isa = PBXFileReference; lastKnownFileType = sourcecode.swift; path = MovieListCellView.swift; sourceTree = "<group>"; };
		B13CCED12B14EEE30031E97A /* MoviePosterView.swift */ = {isa = PBXFileReference; lastKnownFileType = sourcecode.swift; path = MoviePosterView.swift; sourceTree = "<group>"; };
		B13CCED32B14EEEF0031E97A /* MovieTitleDateView.swift */ = {isa = PBXFileReference; lastKnownFileType = sourcecode.swift; path = MovieTitleDateView.swift; sourceTree = "<group>"; };
		B13CCED52B14EEFC0031E97A /* MovieReadMoreContentViews.swift */ = {isa = PBXFileReference; lastKnownFileType = sourcecode.swift; path = MovieReadMoreContentViews.swift; sourceTree = "<group>"; };
		B13CCED72B14EF0A0031E97A /* TrailerView.swift */ = {isa = PBXFileReference; lastKnownFileType = sourcecode.swift; path = TrailerView.swift; sourceTree = "<group>"; };
		B13CCED92B14EF190031E97A /* MenuIcon.swift */ = {isa = PBXFileReference; lastKnownFileType = sourcecode.swift; path = MenuIcon.swift; sourceTree = "<group>"; };
		B13CCEDB2B14EF260031E97A /* SerachIcon.swift */ = {isa = PBXFileReference; lastKnownFileType = sourcecode.swift; path = SerachIcon.swift; sourceTree = "<group>"; };
		B13CCEDD2B14EF370031E97A /* FontStyle.swift */ = {isa = PBXFileReference; lastKnownFileType = sourcecode.swift; path = FontStyle.swift; sourceTree = "<group>"; };
		B13CCEDF2B14EF430031E97A /* titleFont.swift */ = {isa = PBXFileReference; lastKnownFileType = sourcecode.swift; path = titleFont.swift; sourceTree = "<group>"; };
		B13CCEE12B14EF510031E97A /* movieTitleFont.swift */ = {isa = PBXFileReference; lastKnownFileType = sourcecode.swift; path = movieTitleFont.swift; sourceTree = "<group>"; };
		B13CCEE32B14EF630031E97A /* dateFont.swift */ = {isa = PBXFileReference; lastKnownFileType = sourcecode.swift; path = dateFont.swift; sourceTree = "<group>"; };
/* End PBXFileReference section */

/* Begin PBXFrameworksBuildPhase section */
		B13CCEAE2B14ECF60031E97A /* Frameworks */ = {
			isa = PBXFrameworksBuildPhase;
			buildActionMask = 2147483647;
			files = (
			);
			runOnlyForDeploymentPostprocessing = 0;
		};
/* End PBXFrameworksBuildPhase section */

/* Begin PBXGroup section */
		B13CCEA82B14ECF60031E97A = {
			isa = PBXGroup;
			children = (
				B13CCEB32B14ECF60031E97A /* Week2_Sayhong */,
				B13CCEB22B14ECF60031E97A /* Products */,
			);
			sourceTree = "<group>";
		};
		B13CCEB22B14ECF60031E97A /* Products */ = {
			isa = PBXGroup;
			children = (
				B13CCEB12B14ECF60031E97A /* Week2_Sayhong.app */,
			);
			name = Products;
			sourceTree = "<group>";
		};
		B13CCEB32B14ECF60031E97A /* Week2_Sayhong */ = {
			isa = PBXGroup;
			children = (
				B13CCEC62B14ED9C0031E97A /* Custom */,
				B13CCEC52B14ED900031E97A /* TopBarItem */,
				B13CCEC42B14ED200031E97A /* Cell */,
				B13CCEC32B14ED1B0031E97A /* Model */,
				B13CCEC22B14ED0B0031E97A /* Detail */,
				B13CCEB42B14ECF60031E97A /* Week2_SayhongApp.swift */,
				B13CCEB62B14ECF60031E97A /* HomeView.swift */,
				B13CCEB82B14ECF70031E97A /* Assets.xcassets */,
				B13CCEBA2B14ECF70031E97A /* Preview Content */,
			);
			path = Week2_Sayhong;
			sourceTree = "<group>";
		};
		B13CCEBA2B14ECF70031E97A /* Preview Content */ = {
			isa = PBXGroup;
			children = (
				B13CCEBB2B14ECF70031E97A /* Preview Assets.xcassets */,
			);
			path = "Preview Content";
			sourceTree = "<group>";
		};
		B13CCEC22B14ED0B0031E97A /* Detail */ = {
			isa = PBXGroup;
			children = (
				B13CCEC72B14EDDA0031E97A /* ModelDetailView.swift */,
			);
			path = Detail;
			sourceTree = "<group>";
		};
		B13CCEC32B14ED1B0031E97A /* Model */ = {
			isa = PBXGroup;
			children = (
				B13CCEC92B14EDF10031E97A /* MovieCellStruct.swift */,
				B13CCECB2B14EE170031E97A /* loadJson.swift */,
				B13CCECD2B14EE3A0031E97A /* movieInfo.json */,
			);
			path = Model;
			sourceTree = "<group>";
		};
		B13CCEC42B14ED200031E97A /* Cell */ = {
			isa = PBXGroup;
			children = (
				B13CCECF2B14EEB60031E97A /* MovieListCellView.swift */,
				B13CCED12B14EEE30031E97A /* MoviePosterView.swift */,
				B13CCED32B14EEEF0031E97A /* MovieTitleDateView.swift */,
				B13CCED52B14EEFC0031E97A /* MovieReadMoreContentViews.swift */,
				B13CCED72B14EF0A0031E97A /* TrailerView.swift */,
			);
			path = Cell;
			sourceTree = "<group>";
		};
		B13CCEC52B14ED900031E97A /* TopBarItem */ = {
			isa = PBXGroup;
			children = (
				B13CCED92B14EF190031E97A /* MenuIcon.swift */,
				B13CCEDB2B14EF260031E97A /* SerachIcon.swift */,
			);
			path = TopBarItem;
			sourceTree = "<group>";
		};
		B13CCEC62B14ED9C0031E97A /* Custom */ = {
			isa = PBXGroup;
			children = (
				B13CCEDD2B14EF370031E97A /* FontStyle.swift */,
				B13CCEDF2B14EF430031E97A /* titleFont.swift */,
				B13CCEE12B14EF510031E97A /* movieTitleFont.swift */,
				B13CCEE32B14EF630031E97A /* dateFont.swift */,
			);
			path = Custom;
			sourceTree = "<group>";
		};
/* End PBXGroup section */

/* Begin PBXNativeTarget section */
		B13CCEB02B14ECF60031E97A /* Week2_Sayhong */ = {
			isa = PBXNativeTarget;
			buildConfigurationList = B13CCEBF2B14ECF70031E97A /* Build configuration list for PBXNativeTarget "Week2_Sayhong" */;
			buildPhases = (
				B13CCEAD2B14ECF60031E97A /* Sources */,
				B13CCEAE2B14ECF60031E97A /* Frameworks */,
				B13CCEAF2B14ECF60031E97A /* Resources */,
			);
			buildRules = (
			);
			dependencies = (
			);
			name = Week2_Sayhong;
			productName = Week2_Sayhong;
			productReference = B13CCEB12B14ECF60031E97A /* Week2_Sayhong.app */;
			productType = "com.apple.product-type.application";
		};
/* End PBXNativeTarget section */

/* Begin PBXProject section */
		B13CCEA92B14ECF60031E97A /* Project object */ = {
			isa = PBXProject;
			attributes = {
				BuildIndependentTargetsInParallel = 1;
				LastSwiftUpdateCheck = 1500;
				LastUpgradeCheck = 1500;
				TargetAttributes = {
					B13CCEB02B14ECF60031E97A = {
						CreatedOnToolsVersion = 15.0;
					};
				};
			};
			buildConfigurationList = B13CCEAC2B14ECF60031E97A /* Build configuration list for PBXProject "Week2_Sayhong" */;
			compatibilityVersion = "Xcode 14.0";
			developmentRegion = en;
			hasScannedForEncodings = 0;
			knownRegions = (
				en,
				Base,
			);
			mainGroup = B13CCEA82B14ECF60031E97A;
			productRefGroup = B13CCEB22B14ECF60031E97A /* Products */;
			projectDirPath = "";
			projectRoot = "";
			targets = (
				B13CCEB02B14ECF60031E97A /* Week2_Sayhong */,
			);
		};
/* End PBXProject section */

/* Begin PBXResourcesBuildPhase section */
		B13CCEAF2B14ECF60031E97A /* Resources */ = {
			isa = PBXResourcesBuildPhase;
			buildActionMask = 2147483647;
			files = (
				B13CCEBC2B14ECF70031E97A /* Preview Assets.xcassets in Resources */,
				B13CCEB92B14ECF70031E97A /* Assets.xcassets in Resources */,
				B13CCECE2B14EE3A0031E97A /* movieInfo.json in Resources */,
			);
			runOnlyForDeploymentPostprocessing = 0;
		};
/* End PBXResourcesBuildPhase section */

/* Begin PBXSourcesBuildPhase section */
		B13CCEAD2B14ECF60031E97A /* Sources */ = {
			isa = PBXSourcesBuildPhase;
			buildActionMask = 2147483647;
			files = (
				B13CCEE22B14EF510031E97A /* movieTitleFont.swift in Sources */,
				B13CCED82B14EF0A0031E97A /* TrailerView.swift in Sources */,
				B13CCEDA2B14EF190031E97A /* MenuIcon.swift in Sources */,
				B13CCEC82B14EDDA0031E97A /* ModelDetailView.swift in Sources */,
				B13CCED02B14EEB60031E97A /* MovieListCellView.swift in Sources */,
				B13CCECA2B14EDF10031E97A /* MovieCellStruct.swift in Sources */,
				B13CCED22B14EEE30031E97A /* MoviePosterView.swift in Sources */,
				B13CCEDC2B14EF260031E97A /* SerachIcon.swift in Sources */,
				B13CCED62B14EEFC0031E97A /* MovieReadMoreContentViews.swift in Sources */,
				B13CCECC2B14EE170031E97A /* loadJson.swift in Sources */,
				B13CCEB72B14ECF60031E97A /* HomeView.swift in Sources */,
				B13CCEDE2B14EF370031E97A /* FontStyle.swift in Sources */,
				B13CCEE02B14EF430031E97A /* titleFont.swift in Sources */,
				B13CCED42B14EEEF0031E97A /* MovieTitleDateView.swift in Sources */,
				B13CCEE42B14EF630031E97A /* dateFont.swift in Sources */,
				B13CCEB52B14ECF60031E97A /* Week2_SayhongApp.swift in Sources */,
			);
			runOnlyForDeploymentPostprocessing = 0;
		};
/* End PBXSourcesBuildPhase section */

/* Begin XCBuildConfiguration section */
		B13CCEBD2B14ECF70031E97A /* Debug */ = {
			isa = XCBuildConfiguration;
			buildSettings = {
				ALWAYS_SEARCH_USER_PATHS = NO;
				ASSETCATALOG_COMPILER_GENERATE_SWIFT_ASSET_SYMBOL_EXTENSIONS = YES;
				CLANG_ANALYZER_NONNULL = YES;
				CLANG_ANALYZER_NUMBER_OBJECT_CONVERSION = YES_AGGRESSIVE;
				CLANG_CXX_LANGUAGE_STANDARD = "gnu++20";
				CLANG_ENABLE_MODULES = YES;
				CLANG_ENABLE_OBJC_ARC = YES;
				CLANG_ENABLE_OBJC_WEAK = YES;
				CLANG_WARN_BLOCK_CAPTURE_AUTORELEASING = YES;
				CLANG_WARN_BOOL_CONVERSION = YES;
				CLANG_WARN_COMMA = YES;
				CLANG_WARN_CONSTANT_CONVERSION = YES;
				CLANG_WARN_DEPRECATED_OBJC_IMPLEMENTATIONS = YES;
				CLANG_WARN_DIRECT_OBJC_ISA_USAGE = YES_ERROR;
				CLANG_WARN_DOCUMENTATION_COMMENTS = YES;
				CLANG_WARN_EMPTY_BODY = YES;
				CLANG_WARN_ENUM_CONVERSION = YES;
				CLANG_WARN_INFINITE_RECURSION = YES;
				CLANG_WARN_INT_CONVERSION = YES;
				CLANG_WARN_NON_LITERAL_NULL_CONVERSION = YES;
				CLANG_WARN_OBJC_IMPLICIT_RETAIN_SELF = YES;
				CLANG_WARN_OBJC_LITERAL_CONVERSION = YES;
				CLANG_WARN_OBJC_ROOT_CLASS = YES_ERROR;
				CLANG_WARN_QUOTED_INCLUDE_IN_FRAMEWORK_HEADER = YES;
				CLANG_WARN_RANGE_LOOP_ANALYSIS = YES;
				CLANG_WARN_STRICT_PROTOTYPES = YES;
				CLANG_WARN_SUSPICIOUS_MOVE = YES;
				CLANG_WARN_UNGUARDED_AVAILABILITY = YES_AGGRESSIVE;
				CLANG_WARN_UNREACHABLE_CODE = YES;
				CLANG_WARN__DUPLICATE_METHOD_MATCH = YES;
				COPY_PHASE_STRIP = NO;
				DEBUG_INFORMATION_FORMAT = dwarf;
				ENABLE_STRICT_OBJC_MSGSEND = YES;
				ENABLE_TESTABILITY = YES;
				ENABLE_USER_SCRIPT_SANDBOXING = YES;
				GCC_C_LANGUAGE_STANDARD = gnu17;
				GCC_DYNAMIC_NO_PIC = NO;
				GCC_NO_COMMON_BLOCKS = YES;
				GCC_OPTIMIZATION_LEVEL = 0;
				GCC_PREPROCESSOR_DEFINITIONS = (
					"DEBUG=1",
					"$(inherited)",
				);
				GCC_WARN_64_TO_32_BIT_CONVERSION = YES;
				GCC_WARN_ABOUT_RETURN_TYPE = YES_ERROR;
				GCC_WARN_UNDECLARED_SELECTOR = YES;
				GCC_WARN_UNINITIALIZED_AUTOS = YES_AGGRESSIVE;
				GCC_WARN_UNUSED_FUNCTION = YES;
				GCC_WARN_UNUSED_VARIABLE = YES;
				IPHONEOS_DEPLOYMENT_TARGET = 17.0;
				LOCALIZATION_PREFERS_STRING_CATALOGS = YES;
				MTL_ENABLE_DEBUG_INFO = INCLUDE_SOURCE;
				MTL_FAST_MATH = YES;
				ONLY_ACTIVE_ARCH = YES;
				SDKROOT = iphoneos;
				SWIFT_ACTIVE_COMPILATION_CONDITIONS = "DEBUG $(inherited)";
				SWIFT_OPTIMIZATION_LEVEL = "-Onone";
			};
			name = Debug;
		};
		B13CCEBE2B14ECF70031E97A /* Release */ = {
			isa = XCBuildConfiguration;
			buildSettings = {
				ALWAYS_SEARCH_USER_PATHS = NO;
				ASSETCATALOG_COMPILER_GENERATE_SWIFT_ASSET_SYMBOL_EXTENSIONS = YES;
				CLANG_ANALYZER_NONNULL = YES;
				CLANG_ANALYZER_NUMBER_OBJECT_CONVERSION = YES_AGGRESSIVE;
				CLANG_CXX_LANGUAGE_STANDARD = "gnu++20";
				CLANG_ENABLE_MODULES = YES;
				CLANG_ENABLE_OBJC_ARC = YES;
				CLANG_ENABLE_OBJC_WEAK = YES;
				CLANG_WARN_BLOCK_CAPTURE_AUTORELEASING = YES;
				CLANG_WARN_BOOL_CONVERSION = YES;
				CLANG_WARN_COMMA = YES;
				CLANG_WARN_CONSTANT_CONVERSION = YES;
				CLANG_WARN_DEPRECATED_OBJC_IMPLEMENTATIONS = YES;
				CLANG_WARN_DIRECT_OBJC_ISA_USAGE = YES_ERROR;
				CLANG_WARN_DOCUMENTATION_COMMENTS = YES;
				CLANG_WARN_EMPTY_BODY = YES;
				CLANG_WARN_ENUM_CONVERSION = YES;
				CLANG_WARN_INFINITE_RECURSION = YES;
				CLANG_WARN_INT_CONVERSION = YES;
				CLANG_WARN_NON_LITERAL_NULL_CONVERSION = YES;
				CLANG_WARN_OBJC_IMPLICIT_RETAIN_SELF = YES;
				CLANG_WARN_OBJC_LITERAL_CONVERSION = YES;
				CLANG_WARN_OBJC_ROOT_CLASS = YES_ERROR;
				CLANG_WARN_QUOTED_INCLUDE_IN_FRAMEWORK_HEADER = YES;
				CLANG_WARN_RANGE_LOOP_ANALYSIS = YES;
				CLANG_WARN_STRICT_PROTOTYPES = YES;
				CLANG_WARN_SUSPICIOUS_MOVE = YES;
				CLANG_WARN_UNGUARDED_AVAILABILITY = YES_AGGRESSIVE;
				CLANG_WARN_UNREACHABLE_CODE = YES;
				CLANG_WARN__DUPLICATE_METHOD_MATCH = YES;
				COPY_PHASE_STRIP = NO;
				DEBUG_INFORMATION_FORMAT = "dwarf-with-dsym";
				ENABLE_NS_ASSERTIONS = NO;
				ENABLE_STRICT_OBJC_MSGSEND = YES;
				ENABLE_USER_SCRIPT_SANDBOXING = YES;
				GCC_C_LANGUAGE_STANDARD = gnu17;
				GCC_NO_COMMON_BLOCKS = YES;
				GCC_WARN_64_TO_32_BIT_CONVERSION = YES;
				GCC_WARN_ABOUT_RETURN_TYPE = YES_ERROR;
				GCC_WARN_UNDECLARED_SELECTOR = YES;
				GCC_WARN_UNINITIALIZED_AUTOS = YES_AGGRESSIVE;
				GCC_WARN_UNUSED_FUNCTION = YES;
				GCC_WARN_UNUSED_VARIABLE = YES;
				IPHONEOS_DEPLOYMENT_TARGET = 17.0;
				LOCALIZATION_PREFERS_STRING_CATALOGS = YES;
				MTL_ENABLE_DEBUG_INFO = NO;
				MTL_FAST_MATH = YES;
				SDKROOT = iphoneos;
				SWIFT_COMPILATION_MODE = wholemodule;
				VALIDATE_PRODUCT = YES;
			};
			name = Release;
		};
		B13CCEC02B14ECF70031E97A /* Debug */ = {
			isa = XCBuildConfiguration;
			buildSettings = {
				ASSETCATALOG_COMPILER_APPICON_NAME = AppIcon;
				ASSETCATALOG_COMPILER_GLOBAL_ACCENT_COLOR_NAME = AccentColor;
				CODE_SIGN_STYLE = Automatic;
				CURRENT_PROJECT_VERSION = 1;
				DEVELOPMENT_ASSET_PATHS = "\"Week2_Sayhong/Preview Content\"";
				ENABLE_PREVIEWS = YES;
				GENERATE_INFOPLIST_FILE = YES;
				INFOPLIST_KEY_UIApplicationSceneManifest_Generation = YES;
				INFOPLIST_KEY_UIApplicationSupportsIndirectInputEvents = YES;
				INFOPLIST_KEY_UILaunchScreen_Generation = YES;
				INFOPLIST_KEY_UISupportedInterfaceOrientations_iPad = "UIInterfaceOrientationPortrait UIInterfaceOrientationPortraitUpsideDown UIInterfaceOrientationLandscapeLeft UIInterfaceOrientationLandscapeRight";
				INFOPLIST_KEY_UISupportedInterfaceOrientations_iPhone = "UIInterfaceOrientationPortrait UIInterfaceOrientationLandscapeLeft UIInterfaceOrientationLandscapeRight";
				LD_RUNPATH_SEARCH_PATHS = (
					"$(inherited)",
					"@executable_path/Frameworks",
				);
				MARKETING_VERSION = 1.0;
				PRODUCT_BUNDLE_IDENTIFIER = "com.sh.Week2-Sayhong";
				PRODUCT_NAME = "$(TARGET_NAME)";
				SWIFT_EMIT_LOC_STRINGS = YES;
				SWIFT_VERSION = 5.0;
				TARGETED_DEVICE_FAMILY = "1,2";
			};
			name = Debug;
		};
		B13CCEC12B14ECF70031E97A /* Release */ = {
			isa = XCBuildConfiguration;
			buildSettings = {
				ASSETCATALOG_COMPILER_APPICON_NAME = AppIcon;
				ASSETCATALOG_COMPILER_GLOBAL_ACCENT_COLOR_NAME = AccentColor;
				CODE_SIGN_STYLE = Automatic;
				CURRENT_PROJECT_VERSION = 1;
				DEVELOPMENT_ASSET_PATHS = "\"Week2_Sayhong/Preview Content\"";
				ENABLE_PREVIEWS = YES;
				GENERATE_INFOPLIST_FILE = YES;
				INFOPLIST_KEY_UIApplicationSceneManifest_Generation = YES;
				INFOPLIST_KEY_UIApplicationSupportsIndirectInputEvents = YES;
				INFOPLIST_KEY_UILaunchScreen_Generation = YES;
				INFOPLIST_KEY_UISupportedInterfaceOrientations_iPad = "UIInterfaceOrientationPortrait UIInterfaceOrientationPortraitUpsideDown UIInterfaceOrientationLandscapeLeft UIInterfaceOrientationLandscapeRight";
				INFOPLIST_KEY_UISupportedInterfaceOrientations_iPhone = "UIInterfaceOrientationPortrait UIInterfaceOrientationLandscapeLeft UIInterfaceOrientationLandscapeRight";
				LD_RUNPATH_SEARCH_PATHS = (
					"$(inherited)",
					"@executable_path/Frameworks",
				);
				MARKETING_VERSION = 1.0;
				PRODUCT_BUNDLE_IDENTIFIER = "com.sh.Week2-Sayhong";
				PRODUCT_NAME = "$(TARGET_NAME)";
				SWIFT_EMIT_LOC_STRINGS = YES;
				SWIFT_VERSION = 5.0;
				TARGETED_DEVICE_FAMILY = "1,2";
			};
			name = Release;
		};
/* End XCBuildConfiguration section */

/* Begin XCConfigurationList section */
		B13CCEAC2B14ECF60031E97A /* Build configuration list for PBXProject "Week2_Sayhong" */ = {
			isa = XCConfigurationList;
			buildConfigurations = (
				B13CCEBD2B14ECF70031E97A /* Debug */,
				B13CCEBE2B14ECF70031E97A /* Release */,
			);
			defaultConfigurationIsVisible = 0;
			defaultConfigurationName = Release;
		};
		B13CCEBF2B14ECF70031E97A /* Build configuration list for PBXNativeTarget "Week2_Sayhong" */ = {
			isa = XCConfigurationList;
			buildConfigurations = (
				B13CCEC02B14ECF70031E97A /* Debug */,
				B13CCEC12B14ECF70031E97A /* Release */,
			);
			defaultConfigurationIsVisible = 0;
			defaultConfigurationName = Release;
		};
/* End XCConfigurationList section */
	};
	rootObject = B13CCEA92B14ECF60031E97A /* Project object */;
}
