// !$*UTF8*$!
{
	archiveVersion = 1;
	classes = {
	};
	objectVersion = 56;
	objects = {

/* Begin PBXBuildFile section */
		2C12D46A2B0FBFC100981F57 /* Week2_SeonApp.swift in Sources */ = {isa = PBXBuildFile; fileRef = 2C12D4692B0FBFC100981F57 /* Week2_SeonApp.swift */; };
		2C12D46C2B0FBFC100981F57 /* MovieListView.swift in Sources */ = {isa = PBXBuildFile; fileRef = 2C12D46B2B0FBFC100981F57 /* MovieListView.swift */; };
		2C12D46E2B0FBFC200981F57 /* Assets.xcassets in Resources */ = {isa = PBXBuildFile; fileRef = 2C12D46D2B0FBFC200981F57 /* Assets.xcassets */; };
		2C12D4712B0FBFC200981F57 /* Preview Assets.xcassets in Resources */ = {isa = PBXBuildFile; fileRef = 2C12D4702B0FBFC200981F57 /* Preview Assets.xcassets */; };
		2C295B322B11EA49006C00CF /* MovieCell.swift in Sources */ = {isa = PBXBuildFile; fileRef = 2C295B312B11EA49006C00CF /* MovieCell.swift */; };
		2C295B342B125A28006C00CF /* MovieDetailView.swift in Sources */ = {isa = PBXBuildFile; fileRef = 2C295B332B125A28006C00CF /* MovieDetailView.swift */; };
		2CB485E02B13872C0016FD73 /* MovieInfoModel.swift in Sources */ = {isa = PBXBuildFile; fileRef = 2CB485DF2B13872C0016FD73 /* MovieInfoModel.swift */; };
/* End PBXBuildFile section */

/* Begin PBXFileReference section */
		2C12D4662B0FBFC100981F57 /* Week2_Seon.app */ = {isa = PBXFileReference; explicitFileType = wrapper.application; includeInIndex = 0; path = Week2_Seon.app; sourceTree = BUILT_PRODUCTS_DIR; };
		2C12D4692B0FBFC100981F57 /* Week2_SeonApp.swift */ = {isa = PBXFileReference; lastKnownFileType = sourcecode.swift; path = Week2_SeonApp.swift; sourceTree = "<group>"; };
		2C12D46B2B0FBFC100981F57 /* MovieListView.swift */ = {isa = PBXFileReference; lastKnownFileType = sourcecode.swift; path = MovieListView.swift; sourceTree = "<group>"; };
		2C12D46D2B0FBFC200981F57 /* Assets.xcassets */ = {isa = PBXFileReference; lastKnownFileType = folder.assetcatalog; path = Assets.xcassets; sourceTree = "<group>"; };
		2C12D4702B0FBFC200981F57 /* Preview Assets.xcassets */ = {isa = PBXFileReference; lastKnownFileType = folder.assetcatalog; path = "Preview Assets.xcassets"; sourceTree = "<group>"; };
		2C295B312B11EA49006C00CF /* MovieCell.swift */ = {isa = PBXFileReference; lastKnownFileType = sourcecode.swift; path = MovieCell.swift; sourceTree = "<group>"; };
		2C295B332B125A28006C00CF /* MovieDetailView.swift */ = {isa = PBXFileReference; lastKnownFileType = sourcecode.swift; path = MovieDetailView.swift; sourceTree = "<group>"; };
		2CB485DF2B13872C0016FD73 /* MovieInfoModel.swift */ = {isa = PBXFileReference; lastKnownFileType = sourcecode.swift; path = MovieInfoModel.swift; sourceTree = "<group>"; };
/* End PBXFileReference section */

/* Begin PBXFrameworksBuildPhase section */
		2C12D4632B0FBFC100981F57 /* Frameworks */ = {
			isa = PBXFrameworksBuildPhase;
			buildActionMask = 2147483647;
			files = (
			);
			runOnlyForDeploymentPostprocessing = 0;
		};
/* End PBXFrameworksBuildPhase section */

/* Begin PBXGroup section */
		2C12D45D2B0FBFC100981F57 = {
			isa = PBXGroup;
			children = (
				2C12D4682B0FBFC100981F57 /* Week2_Seon */,
				2C12D4672B0FBFC100981F57 /* Products */,
			);
			sourceTree = "<group>";
		};
		2C12D4672B0FBFC100981F57 /* Products */ = {
			isa = PBXGroup;
			children = (
				2C12D4662B0FBFC100981F57 /* Week2_Seon.app */,
			);
			name = Products;
			sourceTree = "<group>";
		};
		2C12D4682B0FBFC100981F57 /* Week2_Seon */ = {
			isa = PBXGroup;
			children = (
				2C12D4692B0FBFC100981F57 /* Week2_SeonApp.swift */,
				2CB485E22B138EBA0016FD73 /* View */,
				2CB485E32B138EC80016FD73 /* Model */,
				2CB485E12B138EAC0016FD73 /* Cell */,
				2C12D46D2B0FBFC200981F57 /* Assets.xcassets */,
				2C12D46F2B0FBFC200981F57 /* Preview Content */,
			);
			path = Week2_Seon;
			sourceTree = "<group>";
		};
		2C12D46F2B0FBFC200981F57 /* Preview Content */ = {
			isa = PBXGroup;
			children = (
				2C12D4702B0FBFC200981F57 /* Preview Assets.xcassets */,
			);
			path = "Preview Content";
			sourceTree = "<group>";
		};
		2CB485E12B138EAC0016FD73 /* Cell */ = {
			isa = PBXGroup;
			children = (
				2C295B312B11EA49006C00CF /* MovieCell.swift */,
			);
			path = Cell;
			sourceTree = "<group>";
		};
		2CB485E22B138EBA0016FD73 /* View */ = {
			isa = PBXGroup;
			children = (
				2C12D46B2B0FBFC100981F57 /* MovieListView.swift */,
				2C295B332B125A28006C00CF /* MovieDetailView.swift */,
			);
			path = View;
			sourceTree = "<group>";
		};
		2CB485E32B138EC80016FD73 /* Model */ = {
			isa = PBXGroup;
			children = (
				2CB485DF2B13872C0016FD73 /* MovieInfoModel.swift */,
			);
			path = Model;
			sourceTree = "<group>";
		};
/* End PBXGroup section */

/* Begin PBXNativeTarget section */
		2C12D4652B0FBFC100981F57 /* Week2_Seon */ = {
			isa = PBXNativeTarget;
			buildConfigurationList = 2C12D4742B0FBFC200981F57 /* Build configuration list for PBXNativeTarget "Week2_Seon" */;
			buildPhases = (
				2C12D4622B0FBFC100981F57 /* Sources */,
				2C12D4632B0FBFC100981F57 /* Frameworks */,
				2C12D4642B0FBFC100981F57 /* Resources */,
			);
			buildRules = (
			);
			dependencies = (
			);
			name = Week2_Seon;
			productName = Week2_Seon;
			productReference = 2C12D4662B0FBFC100981F57 /* Week2_Seon.app */;
			productType = "com.apple.product-type.application";
		};
/* End PBXNativeTarget section */

/* Begin PBXProject section */
		2C12D45E2B0FBFC100981F57 /* Project object */ = {
			isa = PBXProject;
			attributes = {
				BuildIndependentTargetsInParallel = 1;
				LastSwiftUpdateCheck = 1500;
				LastUpgradeCheck = 1500;
				TargetAttributes = {
					2C12D4652B0FBFC100981F57 = {
						CreatedOnToolsVersion = 15.0;
					};
				};
			};
			buildConfigurationList = 2C12D4612B0FBFC100981F57 /* Build configuration list for PBXProject "Week2_Seon" */;
			compatibilityVersion = "Xcode 14.0";
			developmentRegion = en;
			hasScannedForEncodings = 0;
			knownRegions = (
				en,
				Base,
			);
			mainGroup = 2C12D45D2B0FBFC100981F57;
			productRefGroup = 2C12D4672B0FBFC100981F57 /* Products */;
			projectDirPath = "";
			projectRoot = "";
			targets = (
				2C12D4652B0FBFC100981F57 /* Week2_Seon */,
			);
		};
/* End PBXProject section */

/* Begin PBXResourcesBuildPhase section */
		2C12D4642B0FBFC100981F57 /* Resources */ = {
			isa = PBXResourcesBuildPhase;
			buildActionMask = 2147483647;
			files = (
				2C12D4712B0FBFC200981F57 /* Preview Assets.xcassets in Resources */,
				2C12D46E2B0FBFC200981F57 /* Assets.xcassets in Resources */,
			);
			runOnlyForDeploymentPostprocessing = 0;
		};
/* End PBXResourcesBuildPhase section */

/* Begin PBXSourcesBuildPhase section */
		2C12D4622B0FBFC100981F57 /* Sources */ = {
			isa = PBXSourcesBuildPhase;
			buildActionMask = 2147483647;
			files = (
				2C12D46C2B0FBFC100981F57 /* MovieListView.swift in Sources */,
				2CB485E02B13872C0016FD73 /* MovieInfoModel.swift in Sources */,
				2C12D46A2B0FBFC100981F57 /* Week2_SeonApp.swift in Sources */,
				2C295B342B125A28006C00CF /* MovieDetailView.swift in Sources */,
				2C295B322B11EA49006C00CF /* MovieCell.swift in Sources */,
			);
			runOnlyForDeploymentPostprocessing = 0;
		};
/* End PBXSourcesBuildPhase section */

/* Begin XCBuildConfiguration section */
		2C12D4722B0FBFC200981F57 /* Debug */ = {
			isa = XCBuildConfiguration;
			buildSettings = {
				ALWAYS_SEARCH_USER_PATHS = NO;
				ASSETCATALOG_COMPILER_GENERATE_SWIFT_ASSET_SYMBOL_EXTENSIONS = YES;
				CLANG_ANALYZER_NONNULL = YES;
				CLANG_ANALYZER_NUMBER_OBJECT_CONVERSION = YES_AGGRESSIVE;
				CLANG_CXX_LANGUAGE_STANDARD = "gnu++20";
				CLANG_ENABLE_MODULES = YES;
				CLANG_ENABLE_OBJC_ARC = YES;
				CLANG_ENABLE_OBJC_WEAK = YES;
				CLANG_WARN_BLOCK_CAPTURE_AUTORELEASING = YES;
				CLANG_WARN_BOOL_CONVERSION = YES;
				CLANG_WARN_COMMA = YES;
				CLANG_WARN_CONSTANT_CONVERSION = YES;
				CLANG_WARN_DEPRECATED_OBJC_IMPLEMENTATIONS = YES;
				CLANG_WARN_DIRECT_OBJC_ISA_USAGE = YES_ERROR;
				CLANG_WARN_DOCUMENTATION_COMMENTS = YES;
				CLANG_WARN_EMPTY_BODY = YES;
				CLANG_WARN_ENUM_CONVERSION = YES;
				CLANG_WARN_INFINITE_RECURSION = YES;
				CLANG_WARN_INT_CONVERSION = YES;
				CLANG_WARN_NON_LITERAL_NULL_CONVERSION = YES;
				CLANG_WARN_OBJC_IMPLICIT_RETAIN_SELF = YES;
				CLANG_WARN_OBJC_LITERAL_CONVERSION = YES;
				CLANG_WARN_OBJC_ROOT_CLASS = YES_ERROR;
				CLANG_WARN_QUOTED_INCLUDE_IN_FRAMEWORK_HEADER = YES;
				CLANG_WARN_RANGE_LOOP_ANALYSIS = YES;
				CLANG_WARN_STRICT_PROTOTYPES = YES;
				CLANG_WARN_SUSPICIOUS_MOVE = YES;
				CLANG_WARN_UNGUARDED_AVAILABILITY = YES_AGGRESSIVE;
				CLANG_WARN_UNREACHABLE_CODE = YES;
				CLANG_WARN__DUPLICATE_METHOD_MATCH = YES;
				COPY_PHASE_STRIP = NO;
				DEBUG_INFORMATION_FORMAT = dwarf;
				ENABLE_STRICT_OBJC_MSGSEND = YES;
				ENABLE_TESTABILITY = YES;
				ENABLE_USER_SCRIPT_SANDBOXING = YES;
				GCC_C_LANGUAGE_STANDARD = gnu17;
				GCC_DYNAMIC_NO_PIC = NO;
				GCC_NO_COMMON_BLOCKS = YES;
				GCC_OPTIMIZATION_LEVEL = 0;
				GCC_PREPROCESSOR_DEFINITIONS = (
					"DEBUG=1",
					"$(inherited)",
				);
				GCC_WARN_64_TO_32_BIT_CONVERSION = YES;
				GCC_WARN_ABOUT_RETURN_TYPE = YES_ERROR;
				GCC_WARN_UNDECLARED_SELECTOR = YES;
				GCC_WARN_UNINITIALIZED_AUTOS = YES_AGGRESSIVE;
				GCC_WARN_UNUSED_FUNCTION = YES;
				GCC_WARN_UNUSED_VARIABLE = YES;
				IPHONEOS_DEPLOYMENT_TARGET = 17.0;
				LOCALIZATION_PREFERS_STRING_CATALOGS = YES;
				MTL_ENABLE_DEBUG_INFO = INCLUDE_SOURCE;
				MTL_FAST_MATH = YES;
				ONLY_ACTIVE_ARCH = YES;
				SDKROOT = iphoneos;
				SWIFT_ACTIVE_COMPILATION_CONDITIONS = "DEBUG $(inherited)";
				SWIFT_OPTIMIZATION_LEVEL = "-Onone";
			};
			name = Debug;
		};
		2C12D4732B0FBFC200981F57 /* Release */ = {
			isa = XCBuildConfiguration;
			buildSettings = {
				ALWAYS_SEARCH_USER_PATHS = NO;
				ASSETCATALOG_COMPILER_GENERATE_SWIFT_ASSET_SYMBOL_EXTENSIONS = YES;
				CLANG_ANALYZER_NONNULL = YES;
				CLANG_ANALYZER_NUMBER_OBJECT_CONVERSION = YES_AGGRESSIVE;
				CLANG_CXX_LANGUAGE_STANDARD = "gnu++20";
				CLANG_ENABLE_MODULES = YES;
				CLANG_ENABLE_OBJC_ARC = YES;
				CLANG_ENABLE_OBJC_WEAK = YES;
				CLANG_WARN_BLOCK_CAPTURE_AUTORELEASING = YES;
				CLANG_WARN_BOOL_CONVERSION = YES;
				CLANG_WARN_COMMA = YES;
				CLANG_WARN_CONSTANT_CONVERSION = YES;
				CLANG_WARN_DEPRECATED_OBJC_IMPLEMENTATIONS = YES;
				CLANG_WARN_DIRECT_OBJC_ISA_USAGE = YES_ERROR;
				CLANG_WARN_DOCUMENTATION_COMMENTS = YES;
				CLANG_WARN_EMPTY_BODY = YES;
				CLANG_WARN_ENUM_CONVERSION = YES;
				CLANG_WARN_INFINITE_RECURSION = YES;
				CLANG_WARN_INT_CONVERSION = YES;
				CLANG_WARN_NON_LITERAL_NULL_CONVERSION = YES;
				CLANG_WARN_OBJC_IMPLICIT_RETAIN_SELF = YES;
				CLANG_WARN_OBJC_LITERAL_CONVERSION = YES;
				CLANG_WARN_OBJC_ROOT_CLASS = YES_ERROR;
				CLANG_WARN_QUOTED_INCLUDE_IN_FRAMEWORK_HEADER = YES;
				CLANG_WARN_RANGE_LOOP_ANALYSIS = YES;
				CLANG_WARN_STRICT_PROTOTYPES = YES;
				CLANG_WARN_SUSPICIOUS_MOVE = YES;
				CLANG_WARN_UNGUARDED_AVAILABILITY = YES_AGGRESSIVE;
				CLANG_WARN_UNREACHABLE_CODE = YES;
				CLANG_WARN__DUPLICATE_METHOD_MATCH = YES;
				COPY_PHASE_STRIP = NO;
				DEBUG_INFORMATION_FORMAT = "dwarf-with-dsym";
				ENABLE_NS_ASSERTIONS = NO;
				ENABLE_STRICT_OBJC_MSGSEND = YES;
				ENABLE_USER_SCRIPT_SANDBOXING = YES;
				GCC_C_LANGUAGE_STANDARD = gnu17;
				GCC_NO_COMMON_BLOCKS = YES;
				GCC_WARN_64_TO_32_BIT_CONVERSION = YES;
				GCC_WARN_ABOUT_RETURN_TYPE = YES_ERROR;
				GCC_WARN_UNDECLARED_SELECTOR = YES;
				GCC_WARN_UNINITIALIZED_AUTOS = YES_AGGRESSIVE;
				GCC_WARN_UNUSED_FUNCTION = YES;
				GCC_WARN_UNUSED_VARIABLE = YES;
				IPHONEOS_DEPLOYMENT_TARGET = 17.0;
				LOCALIZATION_PREFERS_STRING_CATALOGS = YES;
				MTL_ENABLE_DEBUG_INFO = NO;
				MTL_FAST_MATH = YES;
				SDKROOT = iphoneos;
				SWIFT_COMPILATION_MODE = wholemodule;
				VALIDATE_PRODUCT = YES;
			};
			name = Release;
		};
		2C12D4752B0FBFC200981F57 /* Debug */ = {
			isa = XCBuildConfiguration;
			buildSettings = {
				ASSETCATALOG_COMPILER_APPICON_NAME = AppIcon;
				ASSETCATALOG_COMPILER_GLOBAL_ACCENT_COLOR_NAME = AccentColor;
				CODE_SIGN_STYLE = Automatic;
				CURRENT_PROJECT_VERSION = 1;
				DEVELOPMENT_ASSET_PATHS = "\"Week2_Seon/Preview Content\"";
				DEVELOPMENT_TEAM = K3FD3VZL37;
				ENABLE_PREVIEWS = YES;
				GENERATE_INFOPLIST_FILE = YES;
				INFOPLIST_KEY_UIApplicationSceneManifest_Generation = YES;
				INFOPLIST_KEY_UIApplicationSupportsIndirectInputEvents = YES;
				INFOPLIST_KEY_UILaunchScreen_Generation = YES;
				INFOPLIST_KEY_UISupportedInterfaceOrientations_iPad = "UIInterfaceOrientationPortrait UIInterfaceOrientationPortraitUpsideDown UIInterfaceOrientationLandscapeLeft UIInterfaceOrientationLandscapeRight";
				INFOPLIST_KEY_UISupportedInterfaceOrientations_iPhone = "UIInterfaceOrientationPortrait UIInterfaceOrientationLandscapeLeft UIInterfaceOrientationLandscapeRight";
				LD_RUNPATH_SEARCH_PATHS = (
					"$(inherited)",
					"@executable_path/Frameworks",
				);
				MARKETING_VERSION = 1.0;
				PRODUCT_BUNDLE_IDENTIFIER = "com.seon.Week2-Seon";
				PRODUCT_NAME = "$(TARGET_NAME)";
				SWIFT_EMIT_LOC_STRINGS = YES;
				SWIFT_VERSION = 5.0;
				TARGETED_DEVICE_FAMILY = "1,2";
			};
			name = Debug;
		};
		2C12D4762B0FBFC200981F57 /* Release */ = {
			isa = XCBuildConfiguration;
			buildSettings = {
				ASSETCATALOG_COMPILER_APPICON_NAME = AppIcon;
				ASSETCATALOG_COMPILER_GLOBAL_ACCENT_COLOR_NAME = AccentColor;
				CODE_SIGN_STYLE = Automatic;
				CURRENT_PROJECT_VERSION = 1;
				DEVELOPMENT_ASSET_PATHS = "\"Week2_Seon/Preview Content\"";
				DEVELOPMENT_TEAM = K3FD3VZL37;
				ENABLE_PREVIEWS = YES;
				GENERATE_INFOPLIST_FILE = YES;
				INFOPLIST_KEY_UIApplicationSceneManifest_Generation = YES;
				INFOPLIST_KEY_UIApplicationSupportsIndirectInputEvents = YES;
				INFOPLIST_KEY_UILaunchScreen_Generation = YES;
				INFOPLIST_KEY_UISupportedInterfaceOrientations_iPad = "UIInterfaceOrientationPortrait UIInterfaceOrientationPortraitUpsideDown UIInterfaceOrientationLandscapeLeft UIInterfaceOrientationLandscapeRight";
				INFOPLIST_KEY_UISupportedInterfaceOrientations_iPhone = "UIInterfaceOrientationPortrait UIInterfaceOrientationLandscapeLeft UIInterfaceOrientationLandscapeRight";
				LD_RUNPATH_SEARCH_PATHS = (
					"$(inherited)",
					"@executable_path/Frameworks",
				);
				MARKETING_VERSION = 1.0;
				PRODUCT_BUNDLE_IDENTIFIER = "com.seon.Week2-Seon";
				PRODUCT_NAME = "$(TARGET_NAME)";
				SWIFT_EMIT_LOC_STRINGS = YES;
				SWIFT_VERSION = 5.0;
				TARGETED_DEVICE_FAMILY = "1,2";
			};
			name = Release;
		};
/* End XCBuildConfiguration section */

/* Begin XCConfigurationList section */
		2C12D4612B0FBFC100981F57 /* Build configuration list for PBXProject "Week2_Seon" */ = {
			isa = XCConfigurationList;
			buildConfigurations = (
				2C12D4722B0FBFC200981F57 /* Debug */,
				2C12D4732B0FBFC200981F57 /* Release */,
			);
			defaultConfigurationIsVisible = 0;
			defaultConfigurationName = Release;
		};
		2C12D4742B0FBFC200981F57 /* Build configuration list for PBXNativeTarget "Week2_Seon" */ = {
			isa = XCConfigurationList;
			buildConfigurations = (
				2C12D4752B0FBFC200981F57 /* Debug */,
				2C12D4762B0FBFC200981F57 /* Release */,
			);
			defaultConfigurationIsVisible = 0;
			defaultConfigurationName = Release;
		};
/* End XCConfigurationList section */
	};
	rootObject = 2C12D45E2B0FBFC100981F57 /* Project object */;
}
