// !$*UTF8*$!
{
	archiveVersion = 1;
	classes = {
	};
	objectVersion = 56;
	objects = {

/* Begin PBXBuildFile section */
		6B9A53122B11C61400D4BCBB /* Week02_jaeseungApp.swift in Sources */ = {isa = PBXBuildFile; fileRef = 6B9A53112B11C61400D4BCBB /* Week02_jaeseungApp.swift */; };
		6B9A53142B11C61400D4BCBB /* ContentView.swift in Sources */ = {isa = PBXBuildFile; fileRef = 6B9A53132B11C61400D4BCBB /* ContentView.swift */; };
		6B9A53162B11C61500D4BCBB /* Assets.xcassets in Resources */ = {isa = PBXBuildFile; fileRef = 6B9A53152B11C61500D4BCBB /* Assets.xcassets */; };
		6B9A53192B11C61500D4BCBB /* Preview Assets.xcassets in Resources */ = {isa = PBXBuildFile; fileRef = 6B9A53182B11C61500D4BCBB /* Preview Assets.xcassets */; };
		6B9A53202B11CE9A00D4BCBB /* movieView.swift in Sources */ = {isa = PBXBuildFile; fileRef = 6B9A531F2B11CE9A00D4BCBB /* movieView.swift */; };
		6B9A53222B11CEDA00D4BCBB /* Movie.swift in Sources */ = {isa = PBXBuildFile; fileRef = 6B9A53212B11CEDA00D4BCBB /* Movie.swift */; };
		6B9A53242B11D31500D4BCBB /* movieDetailView.swift in Sources */ = {isa = PBXBuildFile; fileRef = 6B9A53232B11D31500D4BCBB /* movieDetailView.swift */; };
/* End PBXBuildFile section */

/* Begin PBXFileReference section */
		6B9A530E2B11C61400D4BCBB /* Week02_jaeseung.app */ = {isa = PBXFileReference; explicitFileType = wrapper.application; includeInIndex = 0; path = Week02_jaeseung.app; sourceTree = BUILT_PRODUCTS_DIR; };
		6B9A53112B11C61400D4BCBB /* Week02_jaeseungApp.swift */ = {isa = PBXFileReference; lastKnownFileType = sourcecode.swift; path = Week02_jaeseungApp.swift; sourceTree = "<group>"; };
		6B9A53132B11C61400D4BCBB /* ContentView.swift */ = {isa = PBXFileReference; lastKnownFileType = sourcecode.swift; path = ContentView.swift; sourceTree = "<group>"; };
		6B9A53152B11C61500D4BCBB /* Assets.xcassets */ = {isa = PBXFileReference; lastKnownFileType = folder.assetcatalog; path = Assets.xcassets; sourceTree = "<group>"; };
		6B9A53182B11C61500D4BCBB /* Preview Assets.xcassets */ = {isa = PBXFileReference; lastKnownFileType = folder.assetcatalog; path = "Preview Assets.xcassets"; sourceTree = "<group>"; };
		6B9A531F2B11CE9A00D4BCBB /* movieView.swift */ = {isa = PBXFileReference; lastKnownFileType = sourcecode.swift; path = movieView.swift; sourceTree = "<group>"; };
		6B9A53212B11CEDA00D4BCBB /* Movie.swift */ = {isa = PBXFileReference; lastKnownFileType = sourcecode.swift; path = Movie.swift; sourceTree = "<group>"; };
		6B9A53232B11D31500D4BCBB /* movieDetailView.swift */ = {isa = PBXFileReference; lastKnownFileType = sourcecode.swift; path = movieDetailView.swift; sourceTree = "<group>"; };
/* End PBXFileReference section */

/* Begin PBXFrameworksBuildPhase section */
		6B9A530B2B11C61400D4BCBB /* Frameworks */ = {
			isa = PBXFrameworksBuildPhase;
			buildActionMask = 2147483647;
			files = (
			);
			runOnlyForDeploymentPostprocessing = 0;
		};
/* End PBXFrameworksBuildPhase section */

/* Begin PBXGroup section */
		6B9A53052B11C61400D4BCBB = {
			isa = PBXGroup;
			children = (
				6B9A53102B11C61400D4BCBB /* Week02_jaeseung */,
				6B9A530F2B11C61400D4BCBB /* Products */,
			);
			sourceTree = "<group>";
		};
		6B9A530F2B11C61400D4BCBB /* Products */ = {
			isa = PBXGroup;
			children = (
				6B9A530E2B11C61400D4BCBB /* Week02_jaeseung.app */,
			);
			name = Products;
			sourceTree = "<group>";
		};
		6B9A53102B11C61400D4BCBB /* Week02_jaeseung */ = {
			isa = PBXGroup;
			children = (
				6B9A53112B11C61400D4BCBB /* Week02_jaeseungApp.swift */,
				6B9A53252B11D32200D4BCBB /* Models */,
				6B9A53132B11C61400D4BCBB /* ContentView.swift */,
				6B9A531F2B11CE9A00D4BCBB /* movieView.swift */,
				6B9A53232B11D31500D4BCBB /* movieDetailView.swift */,
				6B9A53152B11C61500D4BCBB /* Assets.xcassets */,
				6B9A53172B11C61500D4BCBB /* Preview Content */,
			);
			path = Week02_jaeseung;
			sourceTree = "<group>";
		};
		6B9A53172B11C61500D4BCBB /* Preview Content */ = {
			isa = PBXGroup;
			children = (
				6B9A53182B11C61500D4BCBB /* Preview Assets.xcassets */,
			);
			path = "Preview Content";
			sourceTree = "<group>";
		};
		6B9A53252B11D32200D4BCBB /* Models */ = {
			isa = PBXGroup;
			children = (
				6B9A53212B11CEDA00D4BCBB /* Movie.swift */,
			);
			path = Models;
			sourceTree = "<group>";
		};
/* End PBXGroup section */

/* Begin PBXNativeTarget section */
		6B9A530D2B11C61400D4BCBB /* Week02_jaeseung */ = {
			isa = PBXNativeTarget;
			buildConfigurationList = 6B9A531C2B11C61500D4BCBB /* Build configuration list for PBXNativeTarget "Week02_jaeseung" */;
			buildPhases = (
				6B9A530A2B11C61400D4BCBB /* Sources */,
				6B9A530B2B11C61400D4BCBB /* Frameworks */,
				6B9A530C2B11C61400D4BCBB /* Resources */,
			);
			buildRules = (
			);
			dependencies = (
			);
			name = Week02_jaeseung;
			productName = Week02_jaeseung;
			productReference = 6B9A530E2B11C61400D4BCBB /* Week02_jaeseung.app */;
			productType = "com.apple.product-type.application";
		};
/* End PBXNativeTarget section */

/* Begin PBXProject section */
		6B9A53062B11C61400D4BCBB /* Project object */ = {
			isa = PBXProject;
			attributes = {
				BuildIndependentTargetsInParallel = 1;
				LastSwiftUpdateCheck = 1500;
				LastUpgradeCheck = 1500;
				TargetAttributes = {
					6B9A530D2B11C61400D4BCBB = {
						CreatedOnToolsVersion = 15.0.1;
					};
				};
			};
			buildConfigurationList = 6B9A53092B11C61400D4BCBB /* Build configuration list for PBXProject "Week02_jaeseung" */;
			compatibilityVersion = "Xcode 14.0";
			developmentRegion = en;
			hasScannedForEncodings = 0;
			knownRegions = (
				en,
				Base,
			);
			mainGroup = 6B9A53052B11C61400D4BCBB;
			productRefGroup = 6B9A530F2B11C61400D4BCBB /* Products */;
			projectDirPath = "";
			projectRoot = "";
			targets = (
				6B9A530D2B11C61400D4BCBB /* Week02_jaeseung */,
			);
		};
/* End PBXProject section */

/* Begin PBXResourcesBuildPhase section */
		6B9A530C2B11C61400D4BCBB /* Resources */ = {
			isa = PBXResourcesBuildPhase;
			buildActionMask = 2147483647;
			files = (
				6B9A53192B11C61500D4BCBB /* Preview Assets.xcassets in Resources */,
				6B9A53162B11C61500D4BCBB /* Assets.xcassets in Resources */,
			);
			runOnlyForDeploymentPostprocessing = 0;
		};
/* End PBXResourcesBuildPhase section */

/* Begin PBXSourcesBuildPhase section */
		6B9A530A2B11C61400D4BCBB /* Sources */ = {
			isa = PBXSourcesBuildPhase;
			buildActionMask = 2147483647;
			files = (
				6B9A53242B11D31500D4BCBB /* movieDetailView.swift in Sources */,
				6B9A53142B11C61400D4BCBB /* ContentView.swift in Sources */,
				6B9A53202B11CE9A00D4BCBB /* movieView.swift in Sources */,
				6B9A53222B11CEDA00D4BCBB /* Movie.swift in Sources */,
				6B9A53122B11C61400D4BCBB /* Week02_jaeseungApp.swift in Sources */,
			);
			runOnlyForDeploymentPostprocessing = 0;
		};
/* End PBXSourcesBuildPhase section */

/* Begin XCBuildConfiguration section */
		6B9A531A2B11C61500D4BCBB /* Debug */ = {
			isa = XCBuildConfiguration;
			buildSettings = {
				ALWAYS_SEARCH_USER_PATHS = NO;
				ASSETCATALOG_COMPILER_GENERATE_SWIFT_ASSET_SYMBOL_EXTENSIONS = YES;
				CLANG_ANALYZER_NONNULL = YES;
				CLANG_ANALYZER_NUMBER_OBJECT_CONVERSION = YES_AGGRESSIVE;
				CLANG_CXX_LANGUAGE_STANDARD = "gnu++20";
				CLANG_ENABLE_MODULES = YES;
				CLANG_ENABLE_OBJC_ARC = YES;
				CLANG_ENABLE_OBJC_WEAK = YES;
				CLANG_WARN_BLOCK_CAPTURE_AUTORELEASING = YES;
				CLANG_WARN_BOOL_CONVERSION = YES;
				CLANG_WARN_COMMA = YES;
				CLANG_WARN_CONSTANT_CONVERSION = YES;
				CLANG_WARN_DEPRECATED_OBJC_IMPLEMENTATIONS = YES;
				CLANG_WARN_DIRECT_OBJC_ISA_USAGE = YES_ERROR;
				CLANG_WARN_DOCUMENTATION_COMMENTS = YES;
				CLANG_WARN_EMPTY_BODY = YES;
				CLANG_WARN_ENUM_CONVERSION = YES;
				CLANG_WARN_INFINITE_RECURSION = YES;
				CLANG_WARN_INT_CONVERSION = YES;
				CLANG_WARN_NON_LITERAL_NULL_CONVERSION = YES;
				CLANG_WARN_OBJC_IMPLICIT_RETAIN_SELF = YES;
				CLANG_WARN_OBJC_LITERAL_CONVERSION = YES;
				CLANG_WARN_OBJC_ROOT_CLASS = YES_ERROR;
				CLANG_WARN_QUOTED_INCLUDE_IN_FRAMEWORK_HEADER = YES;
				CLANG_WARN_RANGE_LOOP_ANALYSIS = YES;
				CLANG_WARN_STRICT_PROTOTYPES = YES;
				CLANG_WARN_SUSPICIOUS_MOVE = YES;
				CLANG_WARN_UNGUARDED_AVAILABILITY = YES_AGGRESSIVE;
				CLANG_WARN_UNREACHABLE_CODE = YES;
				CLANG_WARN__DUPLICATE_METHOD_MATCH = YES;
				COPY_PHASE_STRIP = NO;
				DEBUG_INFORMATION_FORMAT = dwarf;
				ENABLE_STRICT_OBJC_MSGSEND = YES;
				ENABLE_TESTABILITY = YES;
				ENABLE_USER_SCRIPT_SANDBOXING = YES;
				GCC_C_LANGUAGE_STANDARD = gnu17;
				GCC_DYNAMIC_NO_PIC = NO;
				GCC_NO_COMMON_BLOCKS = YES;
				GCC_OPTIMIZATION_LEVEL = 0;
				GCC_PREPROCESSOR_DEFINITIONS = (
					"DEBUG=1",
					"$(inherited)",
				);
				GCC_WARN_64_TO_32_BIT_CONVERSION = YES;
				GCC_WARN_ABOUT_RETURN_TYPE = YES_ERROR;
				GCC_WARN_UNDECLARED_SELECTOR = YES;
				GCC_WARN_UNINITIALIZED_AUTOS = YES_AGGRESSIVE;
				GCC_WARN_UNUSED_FUNCTION = YES;
				GCC_WARN_UNUSED_VARIABLE = YES;
				IPHONEOS_DEPLOYMENT_TARGET = 17.0;
				LOCALIZATION_PREFERS_STRING_CATALOGS = YES;
				MTL_ENABLE_DEBUG_INFO = INCLUDE_SOURCE;
				MTL_FAST_MATH = YES;
				ONLY_ACTIVE_ARCH = YES;
				SDKROOT = iphoneos;
				SWIFT_ACTIVE_COMPILATION_CONDITIONS = "DEBUG $(inherited)";
				SWIFT_OPTIMIZATION_LEVEL = "-Onone";
			};
			name = Debug;
		};
		6B9A531B2B11C61500D4BCBB /* Release */ = {
			isa = XCBuildConfiguration;
			buildSettings = {
				ALWAYS_SEARCH_USER_PATHS = NO;
				ASSETCATALOG_COMPILER_GENERATE_SWIFT_ASSET_SYMBOL_EXTENSIONS = YES;
				CLANG_ANALYZER_NONNULL = YES;
				CLANG_ANALYZER_NUMBER_OBJECT_CONVERSION = YES_AGGRESSIVE;
				CLANG_CXX_LANGUAGE_STANDARD = "gnu++20";
				CLANG_ENABLE_MODULES = YES;
				CLANG_ENABLE_OBJC_ARC = YES;
				CLANG_ENABLE_OBJC_WEAK = YES;
				CLANG_WARN_BLOCK_CAPTURE_AUTORELEASING = YES;
				CLANG_WARN_BOOL_CONVERSION = YES;
				CLANG_WARN_COMMA = YES;
				CLANG_WARN_CONSTANT_CONVERSION = YES;
				CLANG_WARN_DEPRECATED_OBJC_IMPLEMENTATIONS = YES;
				CLANG_WARN_DIRECT_OBJC_ISA_USAGE = YES_ERROR;
				CLANG_WARN_DOCUMENTATION_COMMENTS = YES;
				CLANG_WARN_EMPTY_BODY = YES;
				CLANG_WARN_ENUM_CONVERSION = YES;
				CLANG_WARN_INFINITE_RECURSION = YES;
				CLANG_WARN_INT_CONVERSION = YES;
				CLANG_WARN_NON_LITERAL_NULL_CONVERSION = YES;
				CLANG_WARN_OBJC_IMPLICIT_RETAIN_SELF = YES;
				CLANG_WARN_OBJC_LITERAL_CONVERSION = YES;
				CLANG_WARN_OBJC_ROOT_CLASS = YES_ERROR;
				CLANG_WARN_QUOTED_INCLUDE_IN_FRAMEWORK_HEADER = YES;
				CLANG_WARN_RANGE_LOOP_ANALYSIS = YES;
				CLANG_WARN_STRICT_PROTOTYPES = YES;
				CLANG_WARN_SUSPICIOUS_MOVE = YES;
				CLANG_WARN_UNGUARDED_AVAILABILITY = YES_AGGRESSIVE;
				CLANG_WARN_UNREACHABLE_CODE = YES;
				CLANG_WARN__DUPLICATE_METHOD_MATCH = YES;
				COPY_PHASE_STRIP = NO;
				DEBUG_INFORMATION_FORMAT = "dwarf-with-dsym";
				ENABLE_NS_ASSERTIONS = NO;
				ENABLE_STRICT_OBJC_MSGSEND = YES;
				ENABLE_USER_SCRIPT_SANDBOXING = YES;
				GCC_C_LANGUAGE_STANDARD = gnu17;
				GCC_NO_COMMON_BLOCKS = YES;
				GCC_WARN_64_TO_32_BIT_CONVERSION = YES;
				GCC_WARN_ABOUT_RETURN_TYPE = YES_ERROR;
				GCC_WARN_UNDECLARED_SELECTOR = YES;
				GCC_WARN_UNINITIALIZED_AUTOS = YES_AGGRESSIVE;
				GCC_WARN_UNUSED_FUNCTION = YES;
				GCC_WARN_UNUSED_VARIABLE = YES;
				IPHONEOS_DEPLOYMENT_TARGET = 17.0;
				LOCALIZATION_PREFERS_STRING_CATALOGS = YES;
				MTL_ENABLE_DEBUG_INFO = NO;
				MTL_FAST_MATH = YES;
				SDKROOT = iphoneos;
				SWIFT_COMPILATION_MODE = wholemodule;
				VALIDATE_PRODUCT = YES;
			};
			name = Release;
		};
		6B9A531D2B11C61500D4BCBB /* Debug */ = {
			isa = XCBuildConfiguration;
			buildSettings = {
				ASSETCATALOG_COMPILER_APPICON_NAME = AppIcon;
				ASSETCATALOG_COMPILER_GLOBAL_ACCENT_COLOR_NAME = AccentColor;
				CODE_SIGN_STYLE = Automatic;
				CURRENT_PROJECT_VERSION = 1;
				DEVELOPMENT_ASSET_PATHS = "\"Week02_jaeseung/Preview Content\"";
				ENABLE_PREVIEWS = YES;
				GENERATE_INFOPLIST_FILE = YES;
				INFOPLIST_KEY_UIApplicationSceneManifest_Generation = YES;
				INFOPLIST_KEY_UIApplicationSupportsIndirectInputEvents = YES;
				INFOPLIST_KEY_UILaunchScreen_Generation = YES;
				INFOPLIST_KEY_UISupportedInterfaceOrientations_iPad = "UIInterfaceOrientationPortrait UIInterfaceOrientationPortraitUpsideDown UIInterfaceOrientationLandscapeLeft UIInterfaceOrientationLandscapeRight";
				INFOPLIST_KEY_UISupportedInterfaceOrientations_iPhone = "UIInterfaceOrientationPortrait UIInterfaceOrientationLandscapeLeft UIInterfaceOrientationLandscapeRight";
				LD_RUNPATH_SEARCH_PATHS = (
					"$(inherited)",
					"@executable_path/Frameworks",
				);
				MARKETING_VERSION = 1.0;
				PRODUCT_BUNDLE_IDENTIFIER = "com.martdealer.Week02-jaeseung";
				PRODUCT_NAME = "$(TARGET_NAME)";
				SWIFT_EMIT_LOC_STRINGS = YES;
				SWIFT_VERSION = 5.0;
				TARGETED_DEVICE_FAMILY = "1,2";
			};
			name = Debug;
		};
		6B9A531E2B11C61500D4BCBB /* Release */ = {
			isa = XCBuildConfiguration;
			buildSettings = {
				ASSETCATALOG_COMPILER_APPICON_NAME = AppIcon;
				ASSETCATALOG_COMPILER_GLOBAL_ACCENT_COLOR_NAME = AccentColor;
				CODE_SIGN_STYLE = Automatic;
				CURRENT_PROJECT_VERSION = 1;
				DEVELOPMENT_ASSET_PATHS = "\"Week02_jaeseung/Preview Content\"";
				ENABLE_PREVIEWS = YES;
				GENERATE_INFOPLIST_FILE = YES;
				INFOPLIST_KEY_UIApplicationSceneManifest_Generation = YES;
				INFOPLIST_KEY_UIApplicationSupportsIndirectInputEvents = YES;
				INFOPLIST_KEY_UILaunchScreen_Generation = YES;
				INFOPLIST_KEY_UISupportedInterfaceOrientations_iPad = "UIInterfaceOrientationPortrait UIInterfaceOrientationPortraitUpsideDown UIInterfaceOrientationLandscapeLeft UIInterfaceOrientationLandscapeRight";
				INFOPLIST_KEY_UISupportedInterfaceOrientations_iPhone = "UIInterfaceOrientationPortrait UIInterfaceOrientationLandscapeLeft UIInterfaceOrientationLandscapeRight";
				LD_RUNPATH_SEARCH_PATHS = (
					"$(inherited)",
					"@executable_path/Frameworks",
				);
				MARKETING_VERSION = 1.0;
				PRODUCT_BUNDLE_IDENTIFIER = "com.martdealer.Week02-jaeseung";
				PRODUCT_NAME = "$(TARGET_NAME)";
				SWIFT_EMIT_LOC_STRINGS = YES;
				SWIFT_VERSION = 5.0;
				TARGETED_DEVICE_FAMILY = "1,2";
			};
			name = Release;
		};
/* End XCBuildConfiguration section */

/* Begin XCConfigurationList section */
		6B9A53092B11C61400D4BCBB /* Build configuration list for PBXProject "Week02_jaeseung" */ = {
			isa = XCConfigurationList;
			buildConfigurations = (
				6B9A531A2B11C61500D4BCBB /* Debug */,
				6B9A531B2B11C61500D4BCBB /* Release */,
			);
			defaultConfigurationIsVisible = 0;
			defaultConfigurationName = Release;
		};
		6B9A531C2B11C61500D4BCBB /* Build configuration list for PBXNativeTarget "Week02_jaeseung" */ = {
			isa = XCConfigurationList;
			buildConfigurations = (
				6B9A531D2B11C61500D4BCBB /* Debug */,
				6B9A531E2B11C61500D4BCBB /* Release */,
			);
			defaultConfigurationIsVisible = 0;
			defaultConfigurationName = Release;
		};
/* End XCConfigurationList section */
	};
	rootObject = 6B9A53062B11C61400D4BCBB /* Project object */;
}
